
Microsoft Visual Studio Solution File, Format Version 12.00
# Visual Studio Version 16
VisualStudioVersion = 16.0.809.7
MinimumVisualStudioVersion = 10.0.40219.1
Project("{FAE04EC0-301F-11D3-BF4B-00C04F79EFBC}") = "Properties", "Properties\Properties.csproj", "{201DE633-9838-4C6B-BF6C-D5535CF5ABDF}"
EndProject
Global
	GlobalSection(SolutionConfigurationPlatforms) = preSolution
		Debug|anycpu = Debug|anycpu
		Release|anycpu = Release|anycpu
	EndGlobalSection
	GlobalSection(ProjectConfigurationPlatforms) = postSolution
		{201DE633-9838-4C6B-BF6C-D5535CF5ABDF}.Debug|anycpu.ActiveCfg = Debug|anycpu
		{201DE633-9838-4C6B-BF6C-D5535CF5ABDF}.Debug|anycpu.Build.0 = Debug|anycpu
		{201DE633-9838-4C6B-BF6C-D5535CF5ABDF}.Release|anycpu.ActiveCfg = Release|anycpu
		{201DE633-9838-4C6B-BF6C-D5535CF5ABDF}.Release|anycpu.Build.0 = Release|anycpu
	EndGlobalSection
	GlobalSection(SolutionProperties) = preSolution
		HideSolutionNode = FALSE
	EndGlobalSection
	GlobalSection(ExtensibilityGlobals) = postSolution
		SolutionGuid = {EEF1C39A-2867-4C75-9955-DE571650F441}
	EndGlobalSection
EndGlobal
