
Microsoft Visual Studio Solution File, Format Version 12.00
# Visual Studio Version 16
VisualStudioVersion = 16.0.809.7
MinimumVisualStudioVersion = 10.0.40219.1
Project("{FAE04EC0-301F-11D3-BF4B-00C04F79EFBC}") = "ConstructorsAndInheritance", "ConstructorsAndInheritance\ConstructorsAndInheritance.csproj", "{A0A90F21-A322-44FC-A050-183D3E9EA7A1}"
EndProject
Global
	GlobalSection(SolutionConfigurationPlatforms) = preSolution
		Debug|anycpu = Debug|anycpu
		Release|anycpu = Release|anycpu
	EndGlobalSection
	GlobalSection(ProjectConfigurationPlatforms) = postSolution
		{A0A90F21-A322-44FC-A050-183D3E9EA7A1}.Debug|anycpu.ActiveCfg = Debug|anycpu
		{A0A90F21-A322-44FC-A050-183D3E9EA7A1}.Debug|anycpu.Build.0 = Debug|anycpu
		{A0A90F21-A322-44FC-A050-183D3E9EA7A1}.Release|anycpu.ActiveCfg = Release|anycpu
		{A0A90F21-A322-44FC-A050-183D3E9EA7A1}.Release|anycpu.Build.0 = Release|anycpu
	EndGlobalSection
	GlobalSection(SolutionProperties) = preSolution
		HideSolutionNode = FALSE
	EndGlobalSection
	GlobalSection(ExtensibilityGlobals) = postSolution
		SolutionGuid = {CAD00CDD-440A-4C49-BBAD-2D201253D45E}
	EndGlobalSection
EndGlobal
