
Microsoft Visual Studio Solution File, Format Version 12.00
# Visual Studio Version 16
VisualStudioVersion = 16.0.809.8
MinimumVisualStudioVersion = 10.0.40219.1
Project("{FAE04EC0-301F-11D3-BF4B-00C04F79EFBC}") = "InterfacesAreNotForMultipleInheritance", "InterfacesAreNotForMultipleInheritance\InterfacesAreNotForMultipleInheritance.csproj", "{721083F2-83C4-4DDA-9811-EAEAB4FFF4E0}"
EndProject
Global
	GlobalSection(SolutionConfigurationPlatforms) = preSolution
		Debug|anycpu = Debug|anycpu
		Release|anycpu = Release|anycpu
	EndGlobalSection
	GlobalSection(ProjectConfigurationPlatforms) = postSolution
		{721083F2-83C4-4DDA-9811-EAEAB4FFF4E0}.Debug|anycpu.ActiveCfg = Debug|anycpu
		{721083F2-83C4-4DDA-9811-EAEAB4FFF4E0}.Debug|anycpu.Build.0 = Debug|anycpu
		{721083F2-83C4-4DDA-9811-EAEAB4FFF4E0}.Release|anycpu.ActiveCfg = Release|anycpu
		{721083F2-83C4-4DDA-9811-EAEAB4FFF4E0}.Release|anycpu.Build.0 = Release|anycpu
	EndGlobalSection
	GlobalSection(SolutionProperties) = preSolution
		HideSolutionNode = FALSE
	EndGlobalSection
	GlobalSection(ExtensibilityGlobals) = postSolution
		SolutionGuid = {1A0582EE-655A-44BB-B589-8E4575B12DF8}
	EndGlobalSection
EndGlobal
