
Microsoft Visual Studio Solution File, Format Version 12.00
# Visual Studio Version 16
VisualStudioVersion = 16.0.809.6
MinimumVisualStudioVersion = 10.0.40219.1
Project("{FAE04EC0-301F-11D3-BF4B-00C04F79EFBC}") = "IntroductionToClasses", "IntroductionToClasses\IntroductionToClasses.csproj", "{FA3518B7-CEE3-4A00-BE18-1D340CF46A51}"
EndProject
Global
	GlobalSection(SolutionConfigurationPlatforms) = preSolution
		Debug|anycpu = Debug|anycpu
		Release|anycpu = Release|anycpu
	EndGlobalSection
	GlobalSection(ProjectConfigurationPlatforms) = postSolution
		{FA3518B7-CEE3-4A00-BE18-1D340CF46A51}.Debug|anycpu.ActiveCfg = Debug|anycpu
		{FA3518B7-CEE3-4A00-BE18-1D340CF46A51}.Debug|anycpu.Build.0 = Debug|anycpu
		{FA3518B7-CEE3-4A00-BE18-1D340CF46A51}.Release|anycpu.ActiveCfg = Release|anycpu
		{FA3518B7-CEE3-4A00-BE18-1D340CF46A51}.Release|anycpu.Build.0 = Release|anycpu
	EndGlobalSection
	GlobalSection(SolutionProperties) = preSolution
		HideSolutionNode = FALSE
	EndGlobalSection
	GlobalSection(ExtensibilityGlobals) = postSolution
		SolutionGuid = {DE014CB9-7F1D-42FA-AAC9-560548ED7F97}
	EndGlobalSection
EndGlobal
