
Microsoft Visual Studio Solution File, Format Version 12.00
# Visual Studio Version 16
VisualStudioVersion = 16.0.809.7
MinimumVisualStudioVersion = 10.0.40219.1
Project("{FAE04EC0-301F-11D3-BF4B-00C04F79EFBC}") = "Inheritance", "Inheritance\Inheritance.csproj", "{ECEB6939-ED4B-4900-835B-206279FDA2D3}"
EndProject
Global
	GlobalSection(SolutionConfigurationPlatforms) = preSolution
		Debug|anycpu = Debug|anycpu
		Release|anycpu = Release|anycpu
	EndGlobalSection
	GlobalSection(ProjectConfigurationPlatforms) = postSolution
		{ECEB6939-ED4B-4900-835B-206279FDA2D3}.Debug|anycpu.ActiveCfg = Debug|anycpu
		{ECEB6939-ED4B-4900-835B-206279FDA2D3}.Debug|anycpu.Build.0 = Debug|anycpu
		{ECEB6939-ED4B-4900-835B-206279FDA2D3}.Release|anycpu.ActiveCfg = Release|anycpu
		{ECEB6939-ED4B-4900-835B-206279FDA2D3}.Release|anycpu.Build.0 = Release|anycpu
	EndGlobalSection
	GlobalSection(SolutionProperties) = preSolution
		HideSolutionNode = FALSE
	EndGlobalSection
	GlobalSection(ExtensibilityGlobals) = postSolution
		SolutionGuid = {5A6F1FAE-508C-4B08-9E26-8EFA798B319D}
	EndGlobalSection
EndGlobal
