
Microsoft Visual Studio Solution File, Format Version 12.00
# Visual Studio Version 16
VisualStudioVersion = 16.0.809.8
MinimumVisualStudioVersion = 10.0.40219.1
Project("{FAE04EC0-301F-11D3-BF4B-00C04F79EFBC}") = "MethodOverriding", "MethodOverriding\MethodOverriding.csproj", "{122E4A50-99B6-4F22-B4E5-FC6E25D4E236}"
EndProject
Global
	GlobalSection(SolutionConfigurationPlatforms) = preSolution
		Debug|anycpu = Debug|anycpu
		Release|anycpu = Release|anycpu
	EndGlobalSection
	GlobalSection(ProjectConfigurationPlatforms) = postSolution
		{122E4A50-99B6-4F22-B4E5-FC6E25D4E236}.Debug|anycpu.ActiveCfg = Debug|anycpu
		{122E4A50-99B6-4F22-B4E5-FC6E25D4E236}.Debug|anycpu.Build.0 = Debug|anycpu
		{122E4A50-99B6-4F22-B4E5-FC6E25D4E236}.Release|anycpu.ActiveCfg = Release|anycpu
		{122E4A50-99B6-4F22-B4E5-FC6E25D4E236}.Release|anycpu.Build.0 = Release|anycpu
	EndGlobalSection
	GlobalSection(SolutionProperties) = preSolution
		HideSolutionNode = FALSE
	EndGlobalSection
	GlobalSection(ExtensibilityGlobals) = postSolution
		SolutionGuid = {39C3BFFC-9B0E-4DE0-881C-716416A8A8BE}
	EndGlobalSection
EndGlobal
