
Microsoft Visual Studio Solution File, Format Version 12.00
# Visual Studio Version 16
VisualStudioVersion = 16.0.809.8
MinimumVisualStudioVersion = 10.0.40219.1
Project("{FAE04EC0-301F-11D3-BF4B-00C04F79EFBC}") = "InterfacesAndTestability", "InterfacesAndTestability\InterfacesAndTestability.csproj", "{78F083D1-911B-4D7A-80D2-722BB0E7801B}"
EndProject
Global
	GlobalSection(SolutionConfigurationPlatforms) = preSolution
		Debug|anycpu = Debug|anycpu
		Release|anycpu = Release|anycpu
	EndGlobalSection
	GlobalSection(ProjectConfigurationPlatforms) = postSolution
		{78F083D1-911B-4D7A-80D2-722BB0E7801B}.Debug|anycpu.ActiveCfg = Debug|anycpu
		{78F083D1-911B-4D7A-80D2-722BB0E7801B}.Debug|anycpu.Build.0 = Debug|anycpu
		{78F083D1-911B-4D7A-80D2-722BB0E7801B}.Release|anycpu.ActiveCfg = Release|anycpu
		{78F083D1-911B-4D7A-80D2-722BB0E7801B}.Release|anycpu.Build.0 = Release|anycpu
	EndGlobalSection
	GlobalSection(SolutionProperties) = preSolution
		HideSolutionNode = FALSE
	EndGlobalSection
	GlobalSection(ExtensibilityGlobals) = postSolution
		SolutionGuid = {C9825883-FC1A-4683-8107-5E51C25675A2}
	EndGlobalSection
EndGlobal
