
Microsoft Visual Studio Solution File, Format Version 12.00
# Visual Studio Version 16
VisualStudioVersion = 16.0.809.8
MinimumVisualStudioVersion = 10.0.40219.1
Project("{FAE04EC0-301F-11D3-BF4B-00C04F79EFBC}") = "InterfacesAndExtensibility", "InterfacesAndExtensibility\InterfacesAndExtensibility.csproj", "{CAE2C088-F1D1-4999-B56D-39143EBABDFF}"
EndProject
Global
	GlobalSection(SolutionConfigurationPlatforms) = preSolution
		Debug|anycpu = Debug|anycpu
		Release|anycpu = Release|anycpu
	EndGlobalSection
	GlobalSection(ProjectConfigurationPlatforms) = postSolution
		{CAE2C088-F1D1-4999-B56D-39143EBABDFF}.Debug|anycpu.ActiveCfg = Debug|anycpu
		{CAE2C088-F1D1-4999-B56D-39143EBABDFF}.Debug|anycpu.Build.0 = Debug|anycpu
		{CAE2C088-F1D1-4999-B56D-39143EBABDFF}.Release|anycpu.ActiveCfg = Release|anycpu
		{CAE2C088-F1D1-4999-B56D-39143EBABDFF}.Release|anycpu.Build.0 = Release|anycpu
	EndGlobalSection
	GlobalSection(SolutionProperties) = preSolution
		HideSolutionNode = FALSE
	EndGlobalSection
	GlobalSection(ExtensibilityGlobals) = postSolution
		SolutionGuid = {A0F8E701-14E2-4182-B59F-6CA92126DC11}
	EndGlobalSection
EndGlobal
