
Microsoft Visual Studio Solution File, Format Version 12.00
# Visual Studio Version 16
VisualStudioVersion = 16.0.809.7
MinimumVisualStudioVersion = 10.0.40219.1
Project("{FAE04EC0-301F-11D3-BF4B-00C04F79EFBC}") = "Composition", "Composition\Composition.csproj", "{1EA99243-5F7C-4AEB-A96E-CC3A08AA406B}"
EndProject
Global
	GlobalSection(SolutionConfigurationPlatforms) = preSolution
		Debug|anycpu = Debug|anycpu
		Release|anycpu = Release|anycpu
	EndGlobalSection
	GlobalSection(ProjectConfigurationPlatforms) = postSolution
		{1EA99243-5F7C-4AEB-A96E-CC3A08AA406B}.Debug|anycpu.ActiveCfg = Debug|anycpu
		{1EA99243-5F7C-4AEB-A96E-CC3A08AA406B}.Debug|anycpu.Build.0 = Debug|anycpu
		{1EA99243-5F7C-4AEB-A96E-CC3A08AA406B}.Release|anycpu.ActiveCfg = Release|anycpu
		{1EA99243-5F7C-4AEB-A96E-CC3A08AA406B}.Release|anycpu.Build.0 = Release|anycpu
	EndGlobalSection
	GlobalSection(SolutionProperties) = preSolution
		HideSolutionNode = FALSE
	EndGlobalSection
	GlobalSection(ExtensibilityGlobals) = postSolution
		SolutionGuid = {7CC2645C-C064-4FF5-8058-A09451FB8C01}
	EndGlobalSection
EndGlobal
